
Microsoft Visual Studio Solution File, Format Version 12.00
# Visual Studio 15
Project("{FAE04EC0-301F-11D3-BF4B-00C04F79EFBC}") = "Assembly-CSharp", "Assembly-CSharp.csproj", "{142D03C0-D1DE-9961-6767-04CD36513CDE}"
EndProject
Project("{FAE04EC0-301F-11D3-BF4B-00C04F79EFBC}") = "Assembly-CSharp-Editor", "Assembly-CSharp-Editor.csproj", "{A596F8CE-FBC2-9688-C14C-F8996833D41B}"
EndProject
Global
	GlobalSection(SolutionConfigurationPlatforms) = preSolution
		Debug|Any CPU = Debug|Any CPU
		Release|Any CPU = Release|Any CPU
	EndGlobalSection
	GlobalSection(ProjectConfigurationPlatforms) = postSolution
		{142D03C0-D1DE-9961-6767-04CD36513CDE}.Debug|Any CPU.ActiveCfg = Debug|Any CPU
		{142D03C0-D1DE-9961-6767-04CD36513CDE}.Debug|Any CPU.Build.0 = Debug|Any CPU
		{142D03C0-D1DE-9961-6767-04CD36513CDE}.Release|Any CPU.ActiveCfg = Release|Any CPU
		{142D03C0-D1DE-9961-6767-04CD36513CDE}.Release|Any CPU.Build.0 = Release|Any CPU
		{A596F8CE-FBC2-9688-C14C-F8996833D41B}.Debug|Any CPU.ActiveCfg = Debug|Any CPU
		{A596F8CE-FBC2-9688-C14C-F8996833D41B}.Debug|Any CPU.Build.0 = Debug|Any CPU
		{A596F8CE-FBC2-9688-C14C-F8996833D41B}.Release|Any CPU.ActiveCfg = Release|Any CPU
		{A596F8CE-FBC2-9688-C14C-F8996833D41B}.Release|Any CPU.Build.0 = Release|Any CPU
	EndGlobalSection
	GlobalSection(SolutionProperties) = preSolution
		HideSolutionNode = FALSE
	EndGlobalSection
EndGlobal
